// !$*UTF8*$!
{
	archiveVersion = 1;
	classes = {
	};
	objectVersion = 56;
	objects = {

/* Begin PBXBuildFile section */
		2C53DAA62AF866B200EB233F /* AnyBaseConverter.swift in Sources */ = {isa = PBXBuildFile; fileRef = 2C53DAA52AF866B200EB233F /* AnyBaseConverter.swift */; };
		2CCE3E9F2AF678B200BB0ED3 /* BinaryConverterApp.swift in Sources */ = {isa = PBXBuildFile; fileRef = 2CCE3E9E2AF678B200BB0ED3 /* BinaryConverterApp.swift */; };
		2CCE3EA12AF678B200BB0ED3 /* ContentView.swift in Sources */ = {isa = PBXBuildFile; fileRef = 2CCE3EA02AF678B200BB0ED3 /* ContentView.swift */; };
		2CCE3EA32AF678B300BB0ED3 /* Assets.xcassets in Resources */ = {isa = PBXBuildFile; fileRef = 2CCE3EA22AF678B300BB0ED3 /* Assets.xcassets */; };
		2CCE3EA62AF678B300BB0ED3 /* Preview Assets.xcassets in Resources */ = {isa = PBXBuildFile; fileRef = 2CCE3EA52AF678B300BB0ED3 /* Preview Assets.xcassets */; };
		2CCE3EAD2AF67A9000BB0ED3 /* UtilsFunctions.swift in Sources */ = {isa = PBXBuildFile; fileRef = 2CCE3EAC2AF67A9000BB0ED3 /* UtilsFunctions.swift */; };
		2CCE3EB12AF67CFD00BB0ED3 /* HexaConverter.swift in Sources */ = {isa = PBXBuildFile; fileRef = 2CCE3EB02AF67CFD00BB0ED3 /* HexaConverter.swift */; };
		2CEC5C712AFBF09800A6DEB3 /* BinaryConverter.swift in Sources */ = {isa = PBXBuildFile; fileRef = 2CEC5C702AFBF09800A6DEB3 /* BinaryConverter.swift */; };
		2CEC5C752AFBF5BB00A6DEB3 /* Localizable.xcstrings in Resources */ = {isa = PBXBuildFile; fileRef = 2CEC5C742AFBF5BB00A6DEB3 /* Localizable.xcstrings */; };
/* End PBXBuildFile section */

/* Begin PBXFileReference section */
		2C53DAA52AF866B200EB233F /* AnyBaseConverter.swift */ = {isa = PBXFileReference; lastKnownFileType = sourcecode.swift; path = AnyBaseConverter.swift; sourceTree = "<group>"; };
		2CCE3E9B2AF678B200BB0ED3 /* BinaryConverter.app */ = {isa = PBXFileReference; explicitFileType = wrapper.application; includeInIndex = 0; path = BinaryConverter.app; sourceTree = BUILT_PRODUCTS_DIR; };
		2CCE3E9E2AF678B200BB0ED3 /* BinaryConverterApp.swift */ = {isa = PBXFileReference; lastKnownFileType = sourcecode.swift; path = BinaryConverterApp.swift; sourceTree = "<group>"; };
		2CCE3EA02AF678B200BB0ED3 /* ContentView.swift */ = {isa = PBXFileReference; lastKnownFileType = sourcecode.swift; path = ContentView.swift; sourceTree = "<group>"; };
		2CCE3EA22AF678B300BB0ED3 /* Assets.xcassets */ = {isa = PBXFileReference; lastKnownFileType = folder.assetcatalog; path = Assets.xcassets; sourceTree = "<group>"; };
		2CCE3EA52AF678B300BB0ED3 /* Preview Assets.xcassets */ = {isa = PBXFileReference; lastKnownFileType = folder.assetcatalog; path = "Preview Assets.xcassets"; sourceTree = "<group>"; };
		2CCE3EAC2AF67A9000BB0ED3 /* UtilsFunctions.swift */ = {isa = PBXFileReference; lastKnownFileType = sourcecode.swift; path = UtilsFunctions.swift; sourceTree = "<group>"; };
		2CCE3EB02AF67CFD00BB0ED3 /* HexaConverter.swift */ = {isa = PBXFileReference; lastKnownFileType = sourcecode.swift; path = HexaConverter.swift; sourceTree = "<group>"; };
		2CEC5C702AFBF09800A6DEB3 /* BinaryConverter.swift */ = {isa = PBXFileReference; fileEncoding = 4; lastKnownFileType = sourcecode.swift; path = BinaryConverter.swift; sourceTree = "<group>"; };
		2CEC5C742AFBF5BB00A6DEB3 /* Localizable.xcstrings */ = {isa = PBXFileReference; lastKnownFileType = text.json.xcstrings; path = Localizable.xcstrings; sourceTree = "<group>"; };
/* End PBXFileReference section */

/* Begin PBXFrameworksBuildPhase section */
		2CCE3E982AF678B200BB0ED3 /* Frameworks */ = {
			isa = PBXFrameworksBuildPhase;
			buildActionMask = 2147483647;
			files = (
			);
			runOnlyForDeploymentPostprocessing = 0;
		};
/* End PBXFrameworksBuildPhase section */

/* Begin PBXGroup section */
		2CCE3E922AF678B200BB0ED3 = {
			isa = PBXGroup;
			children = (
				2CCE3E9D2AF678B200BB0ED3 /* BinaryConverter */,
				2CCE3E9C2AF678B200BB0ED3 /* Products */,
			);
			sourceTree = "<group>";
		};
		2CCE3E9C2AF678B200BB0ED3 /* Products */ = {
			isa = PBXGroup;
			children = (
				2CCE3E9B2AF678B200BB0ED3 /* BinaryConverter.app */,
			);
			name = Products;
			sourceTree = "<group>";
		};
		2CCE3E9D2AF678B200BB0ED3 /* BinaryConverter */ = {
			isa = PBXGroup;
			children = (
				2CCE3E9E2AF678B200BB0ED3 /* BinaryConverterApp.swift */,
				2CCE3EA02AF678B200BB0ED3 /* ContentView.swift */,
				2CCE3EB02AF67CFD00BB0ED3 /* HexaConverter.swift */,
				2CEC5C702AFBF09800A6DEB3 /* BinaryConverter.swift */,
				2C53DAA52AF866B200EB233F /* AnyBaseConverter.swift */,
				2CCE3EAC2AF67A9000BB0ED3 /* UtilsFunctions.swift */,
				2CEC5C742AFBF5BB00A6DEB3 /* Localizable.xcstrings */,
				2CCE3EA22AF678B300BB0ED3 /* Assets.xcassets */,
				2CCE3EA42AF678B300BB0ED3 /* Preview Content */,
			);
			path = BinaryConverter;
			sourceTree = "<group>";
		};
		2CCE3EA42AF678B300BB0ED3 /* Preview Content */ = {
			isa = PBXGroup;
			children = (
				2CCE3EA52AF678B300BB0ED3 /* Preview Assets.xcassets */,
			);
			path = "Preview Content";
			sourceTree = "<group>";
		};
/* End PBXGroup section */

/* Begin PBXNativeTarget section */
		2CCE3E9A2AF678B200BB0ED3 /* BinaryConverter */ = {
			isa = PBXNativeTarget;
			buildConfigurationList = 2CCE3EA92AF678B300BB0ED3 /* Build configuration list for PBXNativeTarget "BinaryConverter" */;
			buildPhases = (
				2CCE3E972AF678B200BB0ED3 /* Sources */,
				2CCE3E982AF678B200BB0ED3 /* Frameworks */,
				2CCE3E992AF678B200BB0ED3 /* Resources */,
			);
			buildRules = (
			);
			dependencies = (
			);
			name = BinaryConverter;
			productName = BinaryConverter;
			productReference = 2CCE3E9B2AF678B200BB0ED3 /* BinaryConverter.app */;
			productType = "com.apple.product-type.application";
		};
/* End PBXNativeTarget section */

/* Begin PBXProject section */
		2CCE3E932AF678B200BB0ED3 /* Project object */ = {
			isa = PBXProject;
			attributes = {
				BuildIndependentTargetsInParallel = 1;
				LastSwiftUpdateCheck = 1500;
				LastUpgradeCheck = 1500;
				TargetAttributes = {
					2CCE3E9A2AF678B200BB0ED3 = {
						CreatedOnToolsVersion = 15.0.1;
					};
				};
			};
			buildConfigurationList = 2CCE3E962AF678B200BB0ED3 /* Build configuration list for PBXProject "BinaryConverter" */;
			compatibilityVersion = "Xcode 14.0";
			developmentRegion = en;
			hasScannedForEncodings = 0;
			knownRegions = (
				en,
				Base,
				fr,
			);
			mainGroup = 2CCE3E922AF678B200BB0ED3;
			productRefGroup = 2CCE3E9C2AF678B200BB0ED3 /* Products */;
			projectDirPath = "";
			projectRoot = "";
			targets = (
				2CCE3E9A2AF678B200BB0ED3 /* BinaryConverter */,
			);
		};
/* End PBXProject section */

/* Begin PBXResourcesBuildPhase section */
		2CCE3E992AF678B200BB0ED3 /* Resources */ = {
			isa = PBXResourcesBuildPhase;
			buildActionMask = 2147483647;
			files = (
				2CCE3EA62AF678B300BB0ED3 /* Preview Assets.xcassets in Resources */,
				2CCE3EA32AF678B300BB0ED3 /* Assets.xcassets in Resources */,
				2CEC5C752AFBF5BB00A6DEB3 /* Localizable.xcstrings in Resources */,
			);
			runOnlyForDeploymentPostprocessing = 0;
		};
/* End PBXResourcesBuildPhase section */

/* Begin PBXSourcesBuildPhase section */
		2CCE3E972AF678B200BB0ED3 /* Sources */ = {
			isa = PBXSourcesBuildPhase;
			buildActionMask = 2147483647;
			files = (
				2CCE3EA12AF678B200BB0ED3 /* ContentView.swift in Sources */,
				2C53DAA62AF866B200EB233F /* AnyBaseConverter.swift in Sources */,
				2CCE3EAD2AF67A9000BB0ED3 /* UtilsFunctions.swift in Sources */,
				2CEC5C712AFBF09800A6DEB3 /* BinaryConverter.swift in Sources */,
				2CCE3EB12AF67CFD00BB0ED3 /* HexaConverter.swift in Sources */,
				2CCE3E9F2AF678B200BB0ED3 /* BinaryConverterApp.swift in Sources */,
			);
			runOnlyForDeploymentPostprocessing = 0;
		};
/* End PBXSourcesBuildPhase section */

/* Begin XCBuildConfiguration section */
		2CCE3EA72AF678B300BB0ED3 /* Debug */ = {
			isa = XCBuildConfiguration;
			buildSettings = {
				ALWAYS_SEARCH_USER_PATHS = NO;
				ASSETCATALOG_COMPILER_GENERATE_SWIFT_ASSET_SYMBOL_EXTENSIONS = YES;
				CLANG_ANALYZER_NONNULL = YES;
				CLANG_ANALYZER_NUMBER_OBJECT_CONVERSION = YES_AGGRESSIVE;
				CLANG_CXX_LANGUAGE_STANDARD = "gnu++20";
				CLANG_ENABLE_MODULES = YES;
				CLANG_ENABLE_OBJC_ARC = YES;
				CLANG_ENABLE_OBJC_WEAK = YES;
				CLANG_WARN_BLOCK_CAPTURE_AUTORELEASING = YES;
				CLANG_WARN_BOOL_CONVERSION = YES;
				CLANG_WARN_COMMA = YES;
				CLANG_WARN_CONSTANT_CONVERSION = YES;
				CLANG_WARN_DEPRECATED_OBJC_IMPLEMENTATIONS = YES;
				CLANG_WARN_DIRECT_OBJC_ISA_USAGE = YES_ERROR;
				CLANG_WARN_DOCUMENTATION_COMMENTS = YES;
				CLANG_WARN_EMPTY_BODY = YES;
				CLANG_WARN_ENUM_CONVERSION = YES;
				CLANG_WARN_INFINITE_RECURSION = YES;
				CLANG_WARN_INT_CONVERSION = YES;
				CLANG_WARN_NON_LITERAL_NULL_CONVERSION = YES;
				CLANG_WARN_OBJC_IMPLICIT_RETAIN_SELF = YES;
				CLANG_WARN_OBJC_LITERAL_CONVERSION = YES;
				CLANG_WARN_OBJC_ROOT_CLASS = YES_ERROR;
				CLANG_WARN_QUOTED_INCLUDE_IN_FRAMEWORK_HEADER = YES;
				CLANG_WARN_RANGE_LOOP_ANALYSIS = YES;
				CLANG_WARN_STRICT_PROTOTYPES = YES;
				CLANG_WARN_SUSPICIOUS_MOVE = YES;
				CLANG_WARN_UNGUARDED_AVAILABILITY = YES_AGGRESSIVE;
				CLANG_WARN_UNREACHABLE_CODE = YES;
				CLANG_WARN__DUPLICATE_METHOD_MATCH = YES;
				COPY_PHASE_STRIP = NO;
				DEBUG_INFORMATION_FORMAT = dwarf;
				ENABLE_STRICT_OBJC_MSGSEND = YES;
				ENABLE_TESTABILITY = YES;
				ENABLE_USER_SCRIPT_SANDBOXING = YES;
				GCC_C_LANGUAGE_STANDARD = gnu17;
				GCC_DYNAMIC_NO_PIC = NO;
				GCC_NO_COMMON_BLOCKS = YES;
				GCC_OPTIMIZATION_LEVEL = 0;
				GCC_PREPROCESSOR_DEFINITIONS = (
					"DEBUG=1",
					"$(inherited)",
				);
				GCC_WARN_64_TO_32_BIT_CONVERSION = YES;
				GCC_WARN_ABOUT_RETURN_TYPE = YES_ERROR;
				GCC_WARN_UNDECLARED_SELECTOR = YES;
				GCC_WARN_UNINITIALIZED_AUTOS = YES_AGGRESSIVE;
				GCC_WARN_UNUSED_FUNCTION = YES;
				GCC_WARN_UNUSED_VARIABLE = YES;
				IPHONEOS_DEPLOYMENT_TARGET = 17.0;
				LOCALIZATION_PREFERS_STRING_CATALOGS = YES;
				MTL_ENABLE_DEBUG_INFO = INCLUDE_SOURCE;
				MTL_FAST_MATH = YES;
				ONLY_ACTIVE_ARCH = YES;
				SDKROOT = iphoneos;
				SWIFT_ACTIVE_COMPILATION_CONDITIONS = "DEBUG $(inherited)";
				SWIFT_OPTIMIZATION_LEVEL = "-Onone";
			};
			name = Debug;
		};
		2CCE3EA82AF678B300BB0ED3 /* Release */ = {
			isa = XCBuildConfiguration;
			buildSettings = {
				ALWAYS_SEARCH_USER_PATHS = NO;
				ASSETCATALOG_COMPILER_GENERATE_SWIFT_ASSET_SYMBOL_EXTENSIONS = YES;
				CLANG_ANALYZER_NONNULL = YES;
				CLANG_ANALYZER_NUMBER_OBJECT_CONVERSION = YES_AGGRESSIVE;
				CLANG_CXX_LANGUAGE_STANDARD = "gnu++20";
				CLANG_ENABLE_MODULES = YES;
				CLANG_ENABLE_OBJC_ARC = YES;
				CLANG_ENABLE_OBJC_WEAK = YES;
				CLANG_WARN_BLOCK_CAPTURE_AUTORELEASING = YES;
				CLANG_WARN_BOOL_CONVERSION = YES;
				CLANG_WARN_COMMA = YES;
				CLANG_WARN_CONSTANT_CONVERSION = YES;
				CLANG_WARN_DEPRECATED_OBJC_IMPLEMENTATIONS = YES;
				CLANG_WARN_DIRECT_OBJC_ISA_USAGE = YES_ERROR;
				CLANG_WARN_DOCUMENTATION_COMMENTS = YES;
				CLANG_WARN_EMPTY_BODY = YES;
				CLANG_WARN_ENUM_CONVERSION = YES;
				CLANG_WARN_INFINITE_RECURSION = YES;
				CLANG_WARN_INT_CONVERSION = YES;
				CLANG_WARN_NON_LITERAL_NULL_CONVERSION = YES;
				CLANG_WARN_OBJC_IMPLICIT_RETAIN_SELF = YES;
				CLANG_WARN_OBJC_LITERAL_CONVERSION = YES;
				CLANG_WARN_OBJC_ROOT_CLASS = YES_ERROR;
				CLANG_WARN_QUOTED_INCLUDE_IN_FRAMEWORK_HEADER = YES;
				CLANG_WARN_RANGE_LOOP_ANALYSIS = YES;
				CLANG_WARN_STRICT_PROTOTYPES = YES;
				CLANG_WARN_SUSPICIOUS_MOVE = YES;
				CLANG_WARN_UNGUARDED_AVAILABILITY = YES_AGGRESSIVE;
				CLANG_WARN_UNREACHABLE_CODE = YES;
				CLANG_WARN__DUPLICATE_METHOD_MATCH = YES;
				COPY_PHASE_STRIP = NO;
				DEBUG_INFORMATION_FORMAT = "dwarf-with-dsym";
				ENABLE_NS_ASSERTIONS = NO;
				ENABLE_STRICT_OBJC_MSGSEND = YES;
				ENABLE_USER_SCRIPT_SANDBOXING = YES;
				GCC_C_LANGUAGE_STANDARD = gnu17;
				GCC_NO_COMMON_BLOCKS = YES;
				GCC_WARN_64_TO_32_BIT_CONVERSION = YES;
				GCC_WARN_ABOUT_RETURN_TYPE = YES_ERROR;
				GCC_WARN_UNDECLARED_SELECTOR = YES;
				GCC_WARN_UNINITIALIZED_AUTOS = YES_AGGRESSIVE;
				GCC_WARN_UNUSED_FUNCTION = YES;
				GCC_WARN_UNUSED_VARIABLE = YES;
				IPHONEOS_DEPLOYMENT_TARGET = 17.0;
				LOCALIZATION_PREFERS_STRING_CATALOGS = YES;
				MTL_ENABLE_DEBUG_INFO = NO;
				MTL_FAST_MATH = YES;
				SDKROOT = iphoneos;
				SWIFT_COMPILATION_MODE = wholemodule;
				VALIDATE_PRODUCT = YES;
			};
			name = Release;
		};
		2CCE3EAA2AF678B300BB0ED3 /* Debug */ = {
			isa = XCBuildConfiguration;
			buildSettings = {
				ASSETCATALOG_COMPILER_APPICON_NAME = AppIcon;
				ASSETCATALOG_COMPILER_GLOBAL_ACCENT_COLOR_NAME = AccentColor;
				CODE_SIGN_STYLE = Automatic;
				CURRENT_PROJECT_VERSION = 1;
				DEVELOPMENT_ASSET_PATHS = "\"BinaryConverter/Preview Content\"";
				DEVELOPMENT_TEAM = KK24298HY5;
				ENABLE_PREVIEWS = YES;
				GENERATE_INFOPLIST_FILE = YES;
				INFOPLIST_KEY_CFBundleDisplayName = "Binary Converter";
				INFOPLIST_KEY_LSApplicationCategoryType = "public.app-category.education";
				INFOPLIST_KEY_UIApplicationSceneManifest_Generation = YES;
				INFOPLIST_KEY_UIApplicationSupportsIndirectInputEvents = YES;
				INFOPLIST_KEY_UILaunchScreen_Generation = YES;
				INFOPLIST_KEY_UISupportedInterfaceOrientations = UIInterfaceOrientationPortrait;
				IPHONEOS_DEPLOYMENT_TARGET = 15.0;
				LD_RUNPATH_SEARCH_PATHS = (
					"$(inherited)",
					"@executable_path/Frameworks",
				);
				MARKETING_VERSION = 1.1;
				PRODUCT_BUNDLE_IDENTIFIER = fr.louisgallet.BinaryConverter;
				PRODUCT_NAME = "$(TARGET_NAME)";
				SUPPORTED_PLATFORMS = "iphoneos iphonesimulator";
				SUPPORTS_MACCATALYST = NO;
				SUPPORTS_MAC_DESIGNED_FOR_IPHONE_IPAD = NO;
				SWIFT_EMIT_LOC_STRINGS = YES;
				SWIFT_VERSION = 5.0;
				TARGETED_DEVICE_FAMILY = 1;
			};
			name = Debug;
		};
		2CCE3EAB2AF678B300BB0ED3 /* Release */ = {
			isa = XCBuildConfiguration;
			buildSettings = {
				ASSETCATALOG_COMPILER_APPICON_NAME = AppIcon;
				ASSETCATALOG_COMPILER_GLOBAL_ACCENT_COLOR_NAME = AccentColor;
				CODE_SIGN_STYLE = Automatic;
				CURRENT_PROJECT_VERSION = 1;
				DEVELOPMENT_ASSET_PATHS = "\"BinaryConverter/Preview Content\"";
				DEVELOPMENT_TEAM = KK24298HY5;
				ENABLE_PREVIEWS = YES;
				GENERATE_INFOPLIST_FILE = YES;
				INFOPLIST_KEY_CFBundleDisplayName = "Binary Converter";
				INFOPLIST_KEY_LSApplicationCategoryType = "public.app-category.education";
				INFOPLIST_KEY_UIApplicationSceneManifest_Generation = YES;
				INFOPLIST_KEY_UIApplicationSupportsIndirectInputEvents = YES;
				INFOPLIST_KEY_UILaunchScreen_Generation = YES;
				INFOPLIST_KEY_UISupportedInterfaceOrientations = UIInterfaceOrientationPortrait;
				IPHONEOS_DEPLOYMENT_TARGET = 15.0;
				LD_RUNPATH_SEARCH_PATHS = (
					"$(inherited)",
					"@executable_path/Frameworks",
				);
				MARKETING_VERSION = 1.1;
				PRODUCT_BUNDLE_IDENTIFIER = fr.louisgallet.BinaryConverter;
				PRODUCT_NAME = "$(TARGET_NAME)";
				SUPPORTED_PLATFORMS = "iphoneos iphonesimulator";
				SUPPORTS_MACCATALYST = NO;
				SUPPORTS_MAC_DESIGNED_FOR_IPHONE_IPAD = NO;
				SWIFT_EMIT_LOC_STRINGS = YES;
				SWIFT_VERSION = 5.0;
				TARGETED_DEVICE_FAMILY = 1;
			};
			name = Release;
		};
/* End XCBuildConfiguration section */

/* Begin XCConfigurationList section */
		2CCE3E962AF678B200BB0ED3 /* Build configuration list for PBXProject "BinaryConverter" */ = {
			isa = XCConfigurationList;
			buildConfigurations = (
				2CCE3EA72AF678B300BB0ED3 /* Debug */,
				2CCE3EA82AF678B300BB0ED3 /* Release */,
			);
			defaultConfigurationIsVisible = 0;
			defaultConfigurationName = Release;
		};
		2CCE3EA92AF678B300BB0ED3 /* Build configuration list for PBXNativeTarget "BinaryConverter" */ = {
			isa = XCConfigurationList;
			buildConfigurations = (
				2CCE3EAA2AF678B300BB0ED3 /* Debug */,
				2CCE3EAB2AF678B300BB0ED3 /* Release */,
			);
			defaultConfigurationIsVisible = 0;
			defaultConfigurationName = Release;
		};
/* End XCConfigurationList section */
	};
	rootObject = 2CCE3E932AF678B200BB0ED3 /* Project object */;
}
